
Microsoft Visual Studio Solution File, Format Version 12.00
# Visual Studio 2012
Project("{FAE04EC0-301F-11D3-BF4B-00C04F79EFBC}") = "XG.Model", "XG.Model\XG.Model.csproj", "{20384A6F-DEBE-438D-9B38-AD2AC36F5B21}"
EndProject
Project("{FAE04EC0-301F-11D3-BF4B-00C04F79EFBC}") = "XG.Business", "XG.Business\XG.Business.csproj", "{56891BE8-B112-49A5-91C2-B250D36F80FE}"
EndProject
Project("{FAE04EC0-301F-11D3-BF4B-00C04F79EFBC}") = "XG.Application", "XG.Application\XG.Application.csproj", "{FBBA96E7-9285-4B6B-9069-C8BF7896EFF3}"
EndProject
Project("{FAE04EC0-301F-11D3-BF4B-00C04F79EFBC}") = "XG.DB", "XG.DB\XG.DB.csproj", "{5926AB35-FF4F-4ED4-9060-EC1EEAA8F529}"
EndProject
Project("{FAE04EC0-301F-11D3-BF4B-00C04F79EFBC}") = "XG.Plugin", "XG.Plugin\XG.Plugin.csproj", "{258B9C1A-AA53-4E23-8486-2BCA0FE65538}"
EndProject
Project("{FAE04EC0-301F-11D3-BF4B-00C04F79EFBC}") = "XG.Plugin.Jabber", "XG.Plugin.Jabber\XG.Plugin.Jabber.csproj", "{1D427F5E-B740-453C-8670-CE5D09021595}"
EndProject
Project("{FAE04EC0-301F-11D3-BF4B-00C04F79EFBC}") = "XG.Plugin.Webserver", "XG.Plugin.Webserver\XG.Plugin.Webserver.csproj", "{E978DE8D-E01F-4F2D-B939-254A4308ED2B}"
EndProject
Project("{FAE04EC0-301F-11D3-BF4B-00C04F79EFBC}") = "XG.Plugin.Import", "XG.Plugin.Import\XG.Plugin.Import.csproj", "{4D5707FE-5167-45DC-BFD7-A55E49757D0D}"
EndProject
Project("{FAE04EC0-301F-11D3-BF4B-00C04F79EFBC}") = "XG.Plugin.ElasticSearch", "XG.Plugin.ElasticSearch\XG.Plugin.ElasticSearch.csproj", "{A1219CE4-01AC-4754-B620-CE281C8361D9}"
EndProject
Project("{FAE04EC0-301F-11D3-BF4B-00C04F79EFBC}") = "XG.Test", "XG.Test\XG.Test.csproj", "{C86AD407-1D6B-4FE6-BC03-10E3AE87D215}"
EndProject
Project("{FAE04EC0-301F-11D3-BF4B-00C04F79EFBC}") = "XG.Config", "XG.Config\XG.Config.csproj", "{DD17AB20-C940-4EB9-9F2A-53A5914D7914}"
EndProject
Project("{FAE04EC0-301F-11D3-BF4B-00C04F79EFBC}") = "XG.Plugin.Irc", "XG.Plugin.Irc\XG.Plugin.Irc.csproj", "{9BFA221A-262C-4474-81D1-BD0ABF84CA0E}"
EndProject
Project("{9344BDBB-3E7F-41FC-A0DD-8665D75EE146}") = "XG.Build.Mono", "XG.Build.Mono\XG.Build.Mono.mdproj", "{25B2122B-481A-4C5F-AEF7-DFE57FD23C17}"
EndProject
Project("{6141683F-8A12-4E36-9623-2EB02B2C2303}") = "XG.Build.Net", "XG.Build.Net\XG.Build.Net.isproj", "{FCCC7AEB-1509-4E1A-89A0-E7FBA690A9EE}"
EndProject
Global
	GlobalSection(SolutionConfigurationPlatforms) = preSolution
		CD_ROM|Any CPU = CD_ROM|Any CPU
		Debug|Any CPU = Debug|Any CPU
		DVD-5|Any CPU = DVD-5|Any CPU
		Release|Any CPU = Release|Any CPU
		SingleImage|Any CPU = SingleImage|Any CPU
	EndGlobalSection
	GlobalSection(ProjectConfigurationPlatforms) = postSolution
		{1D427F5E-B740-453C-8670-CE5D09021595}.CD_ROM|Any CPU.ActiveCfg = Release|Any CPU
		{1D427F5E-B740-453C-8670-CE5D09021595}.CD_ROM|Any CPU.Build.0 = Release|Any CPU
		{1D427F5E-B740-453C-8670-CE5D09021595}.Debug|Any CPU.ActiveCfg = Debug|Any CPU
		{1D427F5E-B740-453C-8670-CE5D09021595}.Debug|Any CPU.Build.0 = Debug|Any CPU
		{1D427F5E-B740-453C-8670-CE5D09021595}.DVD-5|Any CPU.ActiveCfg = Debug|Any CPU
		{1D427F5E-B740-453C-8670-CE5D09021595}.DVD-5|Any CPU.Build.0 = Debug|Any CPU
		{1D427F5E-B740-453C-8670-CE5D09021595}.Release|Any CPU.ActiveCfg = Release|Any CPU
		{1D427F5E-B740-453C-8670-CE5D09021595}.Release|Any CPU.Build.0 = Release|Any CPU
		{1D427F5E-B740-453C-8670-CE5D09021595}.SingleImage|Any CPU.ActiveCfg = Release|Any CPU
		{1D427F5E-B740-453C-8670-CE5D09021595}.SingleImage|Any CPU.Build.0 = Release|Any CPU
		{20384A6F-DEBE-438D-9B38-AD2AC36F5B21}.CD_ROM|Any CPU.ActiveCfg = Release|Any CPU
		{20384A6F-DEBE-438D-9B38-AD2AC36F5B21}.CD_ROM|Any CPU.Build.0 = Release|Any CPU
		{20384A6F-DEBE-438D-9B38-AD2AC36F5B21}.Debug|Any CPU.ActiveCfg = Debug|Any CPU
		{20384A6F-DEBE-438D-9B38-AD2AC36F5B21}.Debug|Any CPU.Build.0 = Debug|Any CPU
		{20384A6F-DEBE-438D-9B38-AD2AC36F5B21}.DVD-5|Any CPU.ActiveCfg = Debug|Any CPU
		{20384A6F-DEBE-438D-9B38-AD2AC36F5B21}.DVD-5|Any CPU.Build.0 = Debug|Any CPU
		{20384A6F-DEBE-438D-9B38-AD2AC36F5B21}.Release|Any CPU.ActiveCfg = Release|Any CPU
		{20384A6F-DEBE-438D-9B38-AD2AC36F5B21}.Release|Any CPU.Build.0 = Release|Any CPU
		{20384A6F-DEBE-438D-9B38-AD2AC36F5B21}.SingleImage|Any CPU.ActiveCfg = Release|Any CPU
		{20384A6F-DEBE-438D-9B38-AD2AC36F5B21}.SingleImage|Any CPU.Build.0 = Release|Any CPU
		{258B9C1A-AA53-4E23-8486-2BCA0FE65538}.CD_ROM|Any CPU.ActiveCfg = Release|Any CPU
		{258B9C1A-AA53-4E23-8486-2BCA0FE65538}.CD_ROM|Any CPU.Build.0 = Release|Any CPU
		{258B9C1A-AA53-4E23-8486-2BCA0FE65538}.Debug|Any CPU.ActiveCfg = Debug|Any CPU
		{258B9C1A-AA53-4E23-8486-2BCA0FE65538}.Debug|Any CPU.Build.0 = Debug|Any CPU
		{258B9C1A-AA53-4E23-8486-2BCA0FE65538}.DVD-5|Any CPU.ActiveCfg = Debug|Any CPU
		{258B9C1A-AA53-4E23-8486-2BCA0FE65538}.DVD-5|Any CPU.Build.0 = Debug|Any CPU
		{258B9C1A-AA53-4E23-8486-2BCA0FE65538}.Release|Any CPU.ActiveCfg = Release|Any CPU
		{258B9C1A-AA53-4E23-8486-2BCA0FE65538}.Release|Any CPU.Build.0 = Release|Any CPU
		{258B9C1A-AA53-4E23-8486-2BCA0FE65538}.SingleImage|Any CPU.ActiveCfg = Release|Any CPU
		{258B9C1A-AA53-4E23-8486-2BCA0FE65538}.SingleImage|Any CPU.Build.0 = Release|Any CPU
		{25B2122B-481A-4C5F-AEF7-DFE57FD23C17}.CD_ROM|Any CPU.ActiveCfg = Release|Any CPU
		{25B2122B-481A-4C5F-AEF7-DFE57FD23C17}.Debug|Any CPU.ActiveCfg = Debug|Any CPU
		{25B2122B-481A-4C5F-AEF7-DFE57FD23C17}.DVD-5|Any CPU.ActiveCfg = Debug|Any CPU
		{25B2122B-481A-4C5F-AEF7-DFE57FD23C17}.Release|Any CPU.ActiveCfg = Release|Any CPU
		{25B2122B-481A-4C5F-AEF7-DFE57FD23C17}.SingleImage|Any CPU.ActiveCfg = Release|Any CPU
		{4D5707FE-5167-45DC-BFD7-A55E49757D0D}.CD_ROM|Any CPU.ActiveCfg = Release|Any CPU
		{4D5707FE-5167-45DC-BFD7-A55E49757D0D}.CD_ROM|Any CPU.Build.0 = Release|Any CPU
		{4D5707FE-5167-45DC-BFD7-A55E49757D0D}.Debug|Any CPU.ActiveCfg = Debug|Any CPU
		{4D5707FE-5167-45DC-BFD7-A55E49757D0D}.Debug|Any CPU.Build.0 = Debug|Any CPU
		{4D5707FE-5167-45DC-BFD7-A55E49757D0D}.DVD-5|Any CPU.ActiveCfg = Debug|Any CPU
		{4D5707FE-5167-45DC-BFD7-A55E49757D0D}.DVD-5|Any CPU.Build.0 = Debug|Any CPU
		{4D5707FE-5167-45DC-BFD7-A55E49757D0D}.Release|Any CPU.ActiveCfg = Release|Any CPU
		{4D5707FE-5167-45DC-BFD7-A55E49757D0D}.Release|Any CPU.Build.0 = Release|Any CPU
		{4D5707FE-5167-45DC-BFD7-A55E49757D0D}.SingleImage|Any CPU.ActiveCfg = Release|Any CPU
		{4D5707FE-5167-45DC-BFD7-A55E49757D0D}.SingleImage|Any CPU.Build.0 = Release|Any CPU
		{56891BE8-B112-49A5-91C2-B250D36F80FE}.CD_ROM|Any CPU.ActiveCfg = Release|Any CPU
		{56891BE8-B112-49A5-91C2-B250D36F80FE}.CD_ROM|Any CPU.Build.0 = Release|Any CPU
		{56891BE8-B112-49A5-91C2-B250D36F80FE}.Debug|Any CPU.ActiveCfg = Debug|Any CPU
		{56891BE8-B112-49A5-91C2-B250D36F80FE}.Debug|Any CPU.Build.0 = Debug|Any CPU
		{56891BE8-B112-49A5-91C2-B250D36F80FE}.DVD-5|Any CPU.ActiveCfg = Debug|Any CPU
		{56891BE8-B112-49A5-91C2-B250D36F80FE}.DVD-5|Any CPU.Build.0 = Debug|Any CPU
		{56891BE8-B112-49A5-91C2-B250D36F80FE}.Release|Any CPU.ActiveCfg = Release|Any CPU
		{56891BE8-B112-49A5-91C2-B250D36F80FE}.Release|Any CPU.Build.0 = Release|Any CPU
		{56891BE8-B112-49A5-91C2-B250D36F80FE}.SingleImage|Any CPU.ActiveCfg = Release|Any CPU
		{56891BE8-B112-49A5-91C2-B250D36F80FE}.SingleImage|Any CPU.Build.0 = Release|Any CPU
		{5926AB35-FF4F-4ED4-9060-EC1EEAA8F529}.CD_ROM|Any CPU.ActiveCfg = Release|Any CPU
		{5926AB35-FF4F-4ED4-9060-EC1EEAA8F529}.CD_ROM|Any CPU.Build.0 = Release|Any CPU
		{5926AB35-FF4F-4ED4-9060-EC1EEAA8F529}.Debug|Any CPU.ActiveCfg = Debug|Any CPU
		{5926AB35-FF4F-4ED4-9060-EC1EEAA8F529}.Debug|Any CPU.Build.0 = Debug|Any CPU
		{5926AB35-FF4F-4ED4-9060-EC1EEAA8F529}.DVD-5|Any CPU.ActiveCfg = Debug|Any CPU
		{5926AB35-FF4F-4ED4-9060-EC1EEAA8F529}.DVD-5|Any CPU.Build.0 = Debug|Any CPU
		{5926AB35-FF4F-4ED4-9060-EC1EEAA8F529}.Release|Any CPU.ActiveCfg = Release|Any CPU
		{5926AB35-FF4F-4ED4-9060-EC1EEAA8F529}.Release|Any CPU.Build.0 = Release|Any CPU
		{5926AB35-FF4F-4ED4-9060-EC1EEAA8F529}.SingleImage|Any CPU.ActiveCfg = Release|Any CPU
		{5926AB35-FF4F-4ED4-9060-EC1EEAA8F529}.SingleImage|Any CPU.Build.0 = Release|Any CPU
		{9BFA221A-262C-4474-81D1-BD0ABF84CA0E}.CD_ROM|Any CPU.ActiveCfg = Release|Any CPU
		{9BFA221A-262C-4474-81D1-BD0ABF84CA0E}.CD_ROM|Any CPU.Build.0 = Release|Any CPU
		{9BFA221A-262C-4474-81D1-BD0ABF84CA0E}.Debug|Any CPU.ActiveCfg = Debug|Any CPU
		{9BFA221A-262C-4474-81D1-BD0ABF84CA0E}.Debug|Any CPU.Build.0 = Debug|Any CPU
		{9BFA221A-262C-4474-81D1-BD0ABF84CA0E}.DVD-5|Any CPU.ActiveCfg = Debug|Any CPU
		{9BFA221A-262C-4474-81D1-BD0ABF84CA0E}.DVD-5|Any CPU.Build.0 = Debug|Any CPU
		{9BFA221A-262C-4474-81D1-BD0ABF84CA0E}.Release|Any CPU.ActiveCfg = Release|Any CPU
		{9BFA221A-262C-4474-81D1-BD0ABF84CA0E}.Release|Any CPU.Build.0 = Release|Any CPU
		{9BFA221A-262C-4474-81D1-BD0ABF84CA0E}.SingleImage|Any CPU.ActiveCfg = Release|Any CPU
		{9BFA221A-262C-4474-81D1-BD0ABF84CA0E}.SingleImage|Any CPU.Build.0 = Release|Any CPU
		{A1219CE4-01AC-4754-B620-CE281C8361D9}.CD_ROM|Any CPU.ActiveCfg = Release|Any CPU
		{A1219CE4-01AC-4754-B620-CE281C8361D9}.CD_ROM|Any CPU.Build.0 = Release|Any CPU
		{A1219CE4-01AC-4754-B620-CE281C8361D9}.Debug|Any CPU.ActiveCfg = Debug|Any CPU
		{A1219CE4-01AC-4754-B620-CE281C8361D9}.Debug|Any CPU.Build.0 = Debug|Any CPU
		{A1219CE4-01AC-4754-B620-CE281C8361D9}.DVD-5|Any CPU.ActiveCfg = Debug|Any CPU
		{A1219CE4-01AC-4754-B620-CE281C8361D9}.DVD-5|Any CPU.Build.0 = Debug|Any CPU
		{A1219CE4-01AC-4754-B620-CE281C8361D9}.Release|Any CPU.ActiveCfg = Release|Any CPU
		{A1219CE4-01AC-4754-B620-CE281C8361D9}.Release|Any CPU.Build.0 = Release|Any CPU
		{A1219CE4-01AC-4754-B620-CE281C8361D9}.SingleImage|Any CPU.ActiveCfg = Release|Any CPU
		{A1219CE4-01AC-4754-B620-CE281C8361D9}.SingleImage|Any CPU.Build.0 = Release|Any CPU
		{C86AD407-1D6B-4FE6-BC03-10E3AE87D215}.CD_ROM|Any CPU.ActiveCfg = Release|Any CPU
		{C86AD407-1D6B-4FE6-BC03-10E3AE87D215}.CD_ROM|Any CPU.Build.0 = Release|Any CPU
		{C86AD407-1D6B-4FE6-BC03-10E3AE87D215}.Debug|Any CPU.ActiveCfg = Debug|Any CPU
		{C86AD407-1D6B-4FE6-BC03-10E3AE87D215}.Debug|Any CPU.Build.0 = Debug|Any CPU
		{C86AD407-1D6B-4FE6-BC03-10E3AE87D215}.DVD-5|Any CPU.ActiveCfg = Debug|Any CPU
		{C86AD407-1D6B-4FE6-BC03-10E3AE87D215}.DVD-5|Any CPU.Build.0 = Debug|Any CPU
		{C86AD407-1D6B-4FE6-BC03-10E3AE87D215}.Release|Any CPU.ActiveCfg = Release|Any CPU
		{C86AD407-1D6B-4FE6-BC03-10E3AE87D215}.Release|Any CPU.Build.0 = Release|Any CPU
		{C86AD407-1D6B-4FE6-BC03-10E3AE87D215}.SingleImage|Any CPU.ActiveCfg = Release|Any CPU
		{C86AD407-1D6B-4FE6-BC03-10E3AE87D215}.SingleImage|Any CPU.Build.0 = Release|Any CPU
		{DD17AB20-C940-4EB9-9F2A-53A5914D7914}.CD_ROM|Any CPU.ActiveCfg = Release|Any CPU
		{DD17AB20-C940-4EB9-9F2A-53A5914D7914}.CD_ROM|Any CPU.Build.0 = Release|Any CPU
		{DD17AB20-C940-4EB9-9F2A-53A5914D7914}.Debug|Any CPU.ActiveCfg = Debug|Any CPU
		{DD17AB20-C940-4EB9-9F2A-53A5914D7914}.Debug|Any CPU.Build.0 = Debug|Any CPU
		{DD17AB20-C940-4EB9-9F2A-53A5914D7914}.DVD-5|Any CPU.ActiveCfg = Debug|Any CPU
		{DD17AB20-C940-4EB9-9F2A-53A5914D7914}.DVD-5|Any CPU.Build.0 = Debug|Any CPU
		{DD17AB20-C940-4EB9-9F2A-53A5914D7914}.Release|Any CPU.ActiveCfg = Release|Any CPU
		{DD17AB20-C940-4EB9-9F2A-53A5914D7914}.Release|Any CPU.Build.0 = Release|Any CPU
		{DD17AB20-C940-4EB9-9F2A-53A5914D7914}.SingleImage|Any CPU.ActiveCfg = Release|Any CPU
		{DD17AB20-C940-4EB9-9F2A-53A5914D7914}.SingleImage|Any CPU.Build.0 = Release|Any CPU
		{E978DE8D-E01F-4F2D-B939-254A4308ED2B}.CD_ROM|Any CPU.ActiveCfg = Release|Any CPU
		{E978DE8D-E01F-4F2D-B939-254A4308ED2B}.CD_ROM|Any CPU.Build.0 = Release|Any CPU
		{E978DE8D-E01F-4F2D-B939-254A4308ED2B}.Debug|Any CPU.ActiveCfg = Debug|Any CPU
		{E978DE8D-E01F-4F2D-B939-254A4308ED2B}.Debug|Any CPU.Build.0 = Debug|Any CPU
		{E978DE8D-E01F-4F2D-B939-254A4308ED2B}.DVD-5|Any CPU.ActiveCfg = Debug|Any CPU
		{E978DE8D-E01F-4F2D-B939-254A4308ED2B}.DVD-5|Any CPU.Build.0 = Debug|Any CPU
		{E978DE8D-E01F-4F2D-B939-254A4308ED2B}.Release|Any CPU.ActiveCfg = Release|Any CPU
		{E978DE8D-E01F-4F2D-B939-254A4308ED2B}.Release|Any CPU.Build.0 = Release|Any CPU
		{E978DE8D-E01F-4F2D-B939-254A4308ED2B}.SingleImage|Any CPU.ActiveCfg = Release|Any CPU
		{E978DE8D-E01F-4F2D-B939-254A4308ED2B}.SingleImage|Any CPU.Build.0 = Release|Any CPU
		{FBBA96E7-9285-4B6B-9069-C8BF7896EFF3}.CD_ROM|Any CPU.ActiveCfg = Release|Any CPU
		{FBBA96E7-9285-4B6B-9069-C8BF7896EFF3}.CD_ROM|Any CPU.Build.0 = Release|Any CPU
		{FBBA96E7-9285-4B6B-9069-C8BF7896EFF3}.Debug|Any CPU.ActiveCfg = Debug|Any CPU
		{FBBA96E7-9285-4B6B-9069-C8BF7896EFF3}.Debug|Any CPU.Build.0 = Debug|Any CPU
		{FBBA96E7-9285-4B6B-9069-C8BF7896EFF3}.DVD-5|Any CPU.ActiveCfg = Debug|Any CPU
		{FBBA96E7-9285-4B6B-9069-C8BF7896EFF3}.DVD-5|Any CPU.Build.0 = Debug|Any CPU
		{FBBA96E7-9285-4B6B-9069-C8BF7896EFF3}.Release|Any CPU.ActiveCfg = Release|Any CPU
		{FBBA96E7-9285-4B6B-9069-C8BF7896EFF3}.Release|Any CPU.Build.0 = Release|Any CPU
		{FBBA96E7-9285-4B6B-9069-C8BF7896EFF3}.SingleImage|Any CPU.ActiveCfg = Release|Any CPU
		{FBBA96E7-9285-4B6B-9069-C8BF7896EFF3}.SingleImage|Any CPU.Build.0 = Release|Any CPU
		{FCCC7AEB-1509-4E1A-89A0-E7FBA690A9EE}.CD_ROM|Any CPU.ActiveCfg = CD_ROM
		{FCCC7AEB-1509-4E1A-89A0-E7FBA690A9EE}.CD_ROM|Any CPU.Build.0 = CD_ROM
		{FCCC7AEB-1509-4E1A-89A0-E7FBA690A9EE}.Debug|Any CPU.ActiveCfg = DVD-5
		{FCCC7AEB-1509-4E1A-89A0-E7FBA690A9EE}.Debug|Any CPU.Build.0 = DVD-5
		{FCCC7AEB-1509-4E1A-89A0-E7FBA690A9EE}.DVD-5|Any CPU.ActiveCfg = DVD-5
		{FCCC7AEB-1509-4E1A-89A0-E7FBA690A9EE}.DVD-5|Any CPU.Build.0 = DVD-5
		{FCCC7AEB-1509-4E1A-89A0-E7FBA690A9EE}.Release|Any CPU.ActiveCfg = SingleImage
		{FCCC7AEB-1509-4E1A-89A0-E7FBA690A9EE}.Release|Any CPU.Build.0 = SingleImage
		{FCCC7AEB-1509-4E1A-89A0-E7FBA690A9EE}.SingleImage|Any CPU.ActiveCfg = SingleImage
		{FCCC7AEB-1509-4E1A-89A0-E7FBA690A9EE}.SingleImage|Any CPU.Build.0 = SingleImage
	EndGlobalSection
	GlobalSection(MonoDevelopProperties) = preSolution
		StartupItem = XG.Application\XG.Application.csproj
		Policies = $0
		$0.TextStylePolicy = $1
		$1.FileWidth = 120
		$1.TabsToSpaces = False
		$1.inheritsSet = VisualStudio
		$1.inheritsScope = text/plain
	EndGlobalSection
	GlobalSection(TestCaseManagementSettings) = postSolution
		CategoryFile = XG.vsmdi
	EndGlobalSection
	GlobalSection(SolutionProperties) = preSolution
		HideSolutionNode = FALSE
	EndGlobalSection
EndGlobal
