Microsoft Visual Studio Solution File, Format Version 12.00
# Visual Studio 2012
Project("{FAE04EC0-301F-11D3-BF4B-00C04F79EFBC}") = "Core", "Core\Core.csproj", "{3080DF73-101A-4ACB-9FC2-6FEAEB90DE08}"
EndProject
Project("{FAE04EC0-301F-11D3-BF4B-00C04F79EFBC}") = "Server", "Server\Server.csproj", "{6BE1E225-A4E5-497B-8EB1-2A70D992FE4C}"
EndProject
Project("{FAE04EC0-301F-11D3-BF4B-00C04F79EFBC}") = "Server.Plugin.General.Webserver", "Server.Plugin.General.Webserver\Server.Plugin.General.Webserver.csproj", "{E84F51EE-E324-4A99-A4C1-76F53CC4F08D}"
EndProject
Project("{FAE04EC0-301F-11D3-BF4B-00C04F79EFBC}") = "Server.Cmd", "Server.Cmd\Server.Cmd.csproj", "{B6ACFEB4-C001-44AB-8F59-8ABBF134C7C2}"
EndProject
Project("{FAE04EC0-301F-11D3-BF4B-00C04F79EFBC}") = "Server.Plugin.General.Jabber", "Server.Plugin.General.Jabber\Server.Plugin.General.Jabber.csproj", "{4F03468E-E62B-43C2-84D9-98CB23704E0B}"
EndProject
Project("{FAE04EC0-301F-11D3-BF4B-00C04F79EFBC}") = "Server.Plugin.Backend.File", "Server.Plugin.Backend.File\Server.Plugin.Backend.File.csproj", "{5EC5F78A-645A-4DA8-AFE9-4D9BE12F7A35}"
EndProject
Project("{FAE04EC0-301F-11D3-BF4B-00C04F79EFBC}") = "Core.Test", "Core.Test\Core.Test.csproj", "{C7407C70-FCC6-4A98-9855-CB7EF7AEAB68}"
EndProject
Project("{FAE04EC0-301F-11D3-BF4B-00C04F79EFBC}") = "Server.Test", "Server.Test\Server.Test.csproj", "{8DECC0CD-394E-4800-9A05-65FAF3F42A32}"
EndProject
Project("{FAE04EC0-301F-11D3-BF4B-00C04F79EFBC}") = "Server.Plugin.General.Webserver.Test", "Server.Plugin.General.Webserver.Test\Server.Plugin.General.Webserver.Test.csproj", "{FFEE75DC-B9A2-4F61-8F9E-EC75DE7ACD76}"
EndProject
Project("{6141683F-8A12-4E36-9623-2EB02B2C2303}") = "Server.Cmd.Setup.Win", "Server.Cmd.Setup.Win\Server.Cmd.Setup.Win.isproj", "{57D2E71E-594B-4CE3-98F9-2E4F1405146D}"
	ProjectSection(ProjectDependencies) = postProject
		{6BE1E225-A4E5-497B-8EB1-2A70D992FE4C} = {6BE1E225-A4E5-497B-8EB1-2A70D992FE4C}
		{5EC5F78A-645A-4DA8-AFE9-4D9BE12F7A35} = {5EC5F78A-645A-4DA8-AFE9-4D9BE12F7A35}
		{4F03468E-E62B-43C2-84D9-98CB23704E0B} = {4F03468E-E62B-43C2-84D9-98CB23704E0B}
		{B6ACFEB4-C001-44AB-8F59-8ABBF134C7C2} = {B6ACFEB4-C001-44AB-8F59-8ABBF134C7C2}
		{E84F51EE-E324-4A99-A4C1-76F53CC4F08D} = {E84F51EE-E324-4A99-A4C1-76F53CC4F08D}
	EndProjectSection
EndProject
Project("{FAE04EC0-301F-11D3-BF4B-00C04F79EFBC}") = "Server.Plugin.General.Import", "Server.Plugin.General.Import\Server.Plugin.General.Import.csproj", "{B6C773B1-28F4-4627-8BC8-35F90249E73D}"
EndProject
Project("{FAE04EC0-301F-11D3-BF4B-00C04F79EFBC}") = "Server.Plugin.General.ElasticSearch", "Server.Plugin.General.ElasticSearch\Server.Plugin.General.ElasticSearch.csproj", "{2114B736-97E8-4DC8-BA5E-74DC69E1C080}"
EndProject
Global
	GlobalSection(TestCaseManagementSettings) = postSolution
		CategoryFile = XG.vsmdi
	EndGlobalSection
	GlobalSection(SolutionConfigurationPlatforms) = preSolution
		CD_ROM|Any CPU = CD_ROM|Any CPU
		Debug|Any CPU = Debug|Any CPU
		DVD-5|Any CPU = DVD-5|Any CPU
		Release|Any CPU = Release|Any CPU
		SingleImage|Any CPU = SingleImage|Any CPU
		UnSafe|Any CPU = UnSafe|Any CPU
	EndGlobalSection
	GlobalSection(ProjectConfigurationPlatforms) = postSolution
		{3080DF73-101A-4ACB-9FC2-6FEAEB90DE08}.CD_ROM|Any CPU.ActiveCfg = UnSafe|Any CPU
		{3080DF73-101A-4ACB-9FC2-6FEAEB90DE08}.CD_ROM|Any CPU.Build.0 = UnSafe|Any CPU
		{3080DF73-101A-4ACB-9FC2-6FEAEB90DE08}.Debug|Any CPU.ActiveCfg = Debug|Any CPU
		{3080DF73-101A-4ACB-9FC2-6FEAEB90DE08}.Debug|Any CPU.Build.0 = Debug|Any CPU
		{3080DF73-101A-4ACB-9FC2-6FEAEB90DE08}.DVD-5|Any CPU.ActiveCfg = Debug|Any CPU
		{3080DF73-101A-4ACB-9FC2-6FEAEB90DE08}.DVD-5|Any CPU.Build.0 = Debug|Any CPU
		{3080DF73-101A-4ACB-9FC2-6FEAEB90DE08}.Release|Any CPU.ActiveCfg = Release|Any CPU
		{3080DF73-101A-4ACB-9FC2-6FEAEB90DE08}.Release|Any CPU.Build.0 = Release|Any CPU
		{3080DF73-101A-4ACB-9FC2-6FEAEB90DE08}.SingleImage|Any CPU.ActiveCfg = UnSafe|Any CPU
		{3080DF73-101A-4ACB-9FC2-6FEAEB90DE08}.SingleImage|Any CPU.Build.0 = UnSafe|Any CPU
		{3080DF73-101A-4ACB-9FC2-6FEAEB90DE08}.UnSafe|Any CPU.ActiveCfg = UnSafe|Any CPU
		{3080DF73-101A-4ACB-9FC2-6FEAEB90DE08}.UnSafe|Any CPU.Build.0 = UnSafe|Any CPU
		{6BE1E225-A4E5-497B-8EB1-2A70D992FE4C}.CD_ROM|Any CPU.ActiveCfg = UnSafe|Any CPU
		{6BE1E225-A4E5-497B-8EB1-2A70D992FE4C}.CD_ROM|Any CPU.Build.0 = UnSafe|Any CPU
		{6BE1E225-A4E5-497B-8EB1-2A70D992FE4C}.Debug|Any CPU.ActiveCfg = Debug|Any CPU
		{6BE1E225-A4E5-497B-8EB1-2A70D992FE4C}.Debug|Any CPU.Build.0 = Debug|Any CPU
		{6BE1E225-A4E5-497B-8EB1-2A70D992FE4C}.DVD-5|Any CPU.ActiveCfg = Debug|Any CPU
		{6BE1E225-A4E5-497B-8EB1-2A70D992FE4C}.DVD-5|Any CPU.Build.0 = Debug|Any CPU
		{6BE1E225-A4E5-497B-8EB1-2A70D992FE4C}.Release|Any CPU.ActiveCfg = Release|Any CPU
		{6BE1E225-A4E5-497B-8EB1-2A70D992FE4C}.Release|Any CPU.Build.0 = Release|Any CPU
		{6BE1E225-A4E5-497B-8EB1-2A70D992FE4C}.SingleImage|Any CPU.ActiveCfg = UnSafe|Any CPU
		{6BE1E225-A4E5-497B-8EB1-2A70D992FE4C}.SingleImage|Any CPU.Build.0 = UnSafe|Any CPU
		{6BE1E225-A4E5-497B-8EB1-2A70D992FE4C}.UnSafe|Any CPU.ActiveCfg = UnSafe|Any CPU
		{6BE1E225-A4E5-497B-8EB1-2A70D992FE4C}.UnSafe|Any CPU.Build.0 = UnSafe|Any CPU
		{E84F51EE-E324-4A99-A4C1-76F53CC4F08D}.CD_ROM|Any CPU.ActiveCfg = UnSafe|Any CPU
		{E84F51EE-E324-4A99-A4C1-76F53CC4F08D}.CD_ROM|Any CPU.Build.0 = UnSafe|Any CPU
		{E84F51EE-E324-4A99-A4C1-76F53CC4F08D}.Debug|Any CPU.ActiveCfg = Debug|Any CPU
		{E84F51EE-E324-4A99-A4C1-76F53CC4F08D}.Debug|Any CPU.Build.0 = Debug|Any CPU
		{E84F51EE-E324-4A99-A4C1-76F53CC4F08D}.DVD-5|Any CPU.ActiveCfg = Debug|Any CPU
		{E84F51EE-E324-4A99-A4C1-76F53CC4F08D}.DVD-5|Any CPU.Build.0 = Debug|Any CPU
		{E84F51EE-E324-4A99-A4C1-76F53CC4F08D}.Release|Any CPU.ActiveCfg = Release|Any CPU
		{E84F51EE-E324-4A99-A4C1-76F53CC4F08D}.Release|Any CPU.Build.0 = Release|Any CPU
		{E84F51EE-E324-4A99-A4C1-76F53CC4F08D}.SingleImage|Any CPU.ActiveCfg = UnSafe|Any CPU
		{E84F51EE-E324-4A99-A4C1-76F53CC4F08D}.SingleImage|Any CPU.Build.0 = UnSafe|Any CPU
		{E84F51EE-E324-4A99-A4C1-76F53CC4F08D}.UnSafe|Any CPU.ActiveCfg = UnSafe|Any CPU
		{E84F51EE-E324-4A99-A4C1-76F53CC4F08D}.UnSafe|Any CPU.Build.0 = UnSafe|Any CPU
		{B6ACFEB4-C001-44AB-8F59-8ABBF134C7C2}.CD_ROM|Any CPU.ActiveCfg = UnSafe|Any CPU
		{B6ACFEB4-C001-44AB-8F59-8ABBF134C7C2}.CD_ROM|Any CPU.Build.0 = UnSafe|Any CPU
		{B6ACFEB4-C001-44AB-8F59-8ABBF134C7C2}.Debug|Any CPU.ActiveCfg = Debug|Any CPU
		{B6ACFEB4-C001-44AB-8F59-8ABBF134C7C2}.Debug|Any CPU.Build.0 = Debug|Any CPU
		{B6ACFEB4-C001-44AB-8F59-8ABBF134C7C2}.DVD-5|Any CPU.ActiveCfg = Debug|Any CPU
		{B6ACFEB4-C001-44AB-8F59-8ABBF134C7C2}.DVD-5|Any CPU.Build.0 = Debug|Any CPU
		{B6ACFEB4-C001-44AB-8F59-8ABBF134C7C2}.Release|Any CPU.ActiveCfg = Release|Any CPU
		{B6ACFEB4-C001-44AB-8F59-8ABBF134C7C2}.Release|Any CPU.Build.0 = Release|Any CPU
		{B6ACFEB4-C001-44AB-8F59-8ABBF134C7C2}.SingleImage|Any CPU.ActiveCfg = UnSafe|Any CPU
		{B6ACFEB4-C001-44AB-8F59-8ABBF134C7C2}.SingleImage|Any CPU.Build.0 = UnSafe|Any CPU
		{B6ACFEB4-C001-44AB-8F59-8ABBF134C7C2}.UnSafe|Any CPU.ActiveCfg = UnSafe|Any CPU
		{B6ACFEB4-C001-44AB-8F59-8ABBF134C7C2}.UnSafe|Any CPU.Build.0 = UnSafe|Any CPU
		{4F03468E-E62B-43C2-84D9-98CB23704E0B}.CD_ROM|Any CPU.ActiveCfg = UnSafe|Any CPU
		{4F03468E-E62B-43C2-84D9-98CB23704E0B}.CD_ROM|Any CPU.Build.0 = UnSafe|Any CPU
		{4F03468E-E62B-43C2-84D9-98CB23704E0B}.Debug|Any CPU.ActiveCfg = Debug|Any CPU
		{4F03468E-E62B-43C2-84D9-98CB23704E0B}.Debug|Any CPU.Build.0 = Debug|Any CPU
		{4F03468E-E62B-43C2-84D9-98CB23704E0B}.DVD-5|Any CPU.ActiveCfg = Debug|Any CPU
		{4F03468E-E62B-43C2-84D9-98CB23704E0B}.DVD-5|Any CPU.Build.0 = Debug|Any CPU
		{4F03468E-E62B-43C2-84D9-98CB23704E0B}.Release|Any CPU.ActiveCfg = Release|Any CPU
		{4F03468E-E62B-43C2-84D9-98CB23704E0B}.Release|Any CPU.Build.0 = Release|Any CPU
		{4F03468E-E62B-43C2-84D9-98CB23704E0B}.SingleImage|Any CPU.ActiveCfg = UnSafe|Any CPU
		{4F03468E-E62B-43C2-84D9-98CB23704E0B}.SingleImage|Any CPU.Build.0 = UnSafe|Any CPU
		{4F03468E-E62B-43C2-84D9-98CB23704E0B}.UnSafe|Any CPU.ActiveCfg = UnSafe|Any CPU
		{4F03468E-E62B-43C2-84D9-98CB23704E0B}.UnSafe|Any CPU.Build.0 = UnSafe|Any CPU
		{5EC5F78A-645A-4DA8-AFE9-4D9BE12F7A35}.CD_ROM|Any CPU.ActiveCfg = Release|Any CPU
		{5EC5F78A-645A-4DA8-AFE9-4D9BE12F7A35}.CD_ROM|Any CPU.Build.0 = Release|Any CPU
		{5EC5F78A-645A-4DA8-AFE9-4D9BE12F7A35}.Debug|Any CPU.ActiveCfg = Debug|Any CPU
		{5EC5F78A-645A-4DA8-AFE9-4D9BE12F7A35}.Debug|Any CPU.Build.0 = Debug|Any CPU
		{5EC5F78A-645A-4DA8-AFE9-4D9BE12F7A35}.DVD-5|Any CPU.ActiveCfg = Debug|Any CPU
		{5EC5F78A-645A-4DA8-AFE9-4D9BE12F7A35}.DVD-5|Any CPU.Build.0 = Debug|Any CPU
		{5EC5F78A-645A-4DA8-AFE9-4D9BE12F7A35}.Release|Any CPU.ActiveCfg = Release|Any CPU
		{5EC5F78A-645A-4DA8-AFE9-4D9BE12F7A35}.Release|Any CPU.Build.0 = Release|Any CPU
		{5EC5F78A-645A-4DA8-AFE9-4D9BE12F7A35}.SingleImage|Any CPU.ActiveCfg = Release|Any CPU
		{5EC5F78A-645A-4DA8-AFE9-4D9BE12F7A35}.SingleImage|Any CPU.Build.0 = Release|Any CPU
		{5EC5F78A-645A-4DA8-AFE9-4D9BE12F7A35}.UnSafe|Any CPU.ActiveCfg = UnSafe|Any CPU
		{5EC5F78A-645A-4DA8-AFE9-4D9BE12F7A35}.UnSafe|Any CPU.Build.0 = UnSafe|Any CPU
		{C7407C70-FCC6-4A98-9855-CB7EF7AEAB68}.CD_ROM|Any CPU.ActiveCfg = Release|Any CPU
		{C7407C70-FCC6-4A98-9855-CB7EF7AEAB68}.CD_ROM|Any CPU.Build.0 = Release|Any CPU
		{C7407C70-FCC6-4A98-9855-CB7EF7AEAB68}.Debug|Any CPU.ActiveCfg = Debug|Any CPU
		{C7407C70-FCC6-4A98-9855-CB7EF7AEAB68}.Debug|Any CPU.Build.0 = Debug|Any CPU
		{C7407C70-FCC6-4A98-9855-CB7EF7AEAB68}.DVD-5|Any CPU.ActiveCfg = Debug|Any CPU
		{C7407C70-FCC6-4A98-9855-CB7EF7AEAB68}.DVD-5|Any CPU.Build.0 = Debug|Any CPU
		{C7407C70-FCC6-4A98-9855-CB7EF7AEAB68}.Release|Any CPU.ActiveCfg = Release|Any CPU
		{C7407C70-FCC6-4A98-9855-CB7EF7AEAB68}.Release|Any CPU.Build.0 = Release|Any CPU
		{C7407C70-FCC6-4A98-9855-CB7EF7AEAB68}.SingleImage|Any CPU.ActiveCfg = Release|Any CPU
		{C7407C70-FCC6-4A98-9855-CB7EF7AEAB68}.SingleImage|Any CPU.Build.0 = Release|Any CPU
		{C7407C70-FCC6-4A98-9855-CB7EF7AEAB68}.UnSafe|Any CPU.ActiveCfg = UnSafe|Any CPU
		{C7407C70-FCC6-4A98-9855-CB7EF7AEAB68}.UnSafe|Any CPU.Build.0 = UnSafe|Any CPU
		{8DECC0CD-394E-4800-9A05-65FAF3F42A32}.CD_ROM|Any CPU.ActiveCfg = Release|Any CPU
		{8DECC0CD-394E-4800-9A05-65FAF3F42A32}.CD_ROM|Any CPU.Build.0 = Release|Any CPU
		{8DECC0CD-394E-4800-9A05-65FAF3F42A32}.Debug|Any CPU.ActiveCfg = Debug|Any CPU
		{8DECC0CD-394E-4800-9A05-65FAF3F42A32}.Debug|Any CPU.Build.0 = Debug|Any CPU
		{8DECC0CD-394E-4800-9A05-65FAF3F42A32}.DVD-5|Any CPU.ActiveCfg = Debug|Any CPU
		{8DECC0CD-394E-4800-9A05-65FAF3F42A32}.DVD-5|Any CPU.Build.0 = Debug|Any CPU
		{8DECC0CD-394E-4800-9A05-65FAF3F42A32}.Release|Any CPU.ActiveCfg = Release|Any CPU
		{8DECC0CD-394E-4800-9A05-65FAF3F42A32}.Release|Any CPU.Build.0 = Release|Any CPU
		{8DECC0CD-394E-4800-9A05-65FAF3F42A32}.SingleImage|Any CPU.ActiveCfg = Release|Any CPU
		{8DECC0CD-394E-4800-9A05-65FAF3F42A32}.SingleImage|Any CPU.Build.0 = Release|Any CPU
		{8DECC0CD-394E-4800-9A05-65FAF3F42A32}.UnSafe|Any CPU.ActiveCfg = UnSafe|Any CPU
		{8DECC0CD-394E-4800-9A05-65FAF3F42A32}.UnSafe|Any CPU.Build.0 = UnSafe|Any CPU
		{FFEE75DC-B9A2-4F61-8F9E-EC75DE7ACD76}.CD_ROM|Any CPU.ActiveCfg = Release|Any CPU
		{FFEE75DC-B9A2-4F61-8F9E-EC75DE7ACD76}.CD_ROM|Any CPU.Build.0 = Release|Any CPU
		{FFEE75DC-B9A2-4F61-8F9E-EC75DE7ACD76}.Debug|Any CPU.ActiveCfg = Debug|Any CPU
		{FFEE75DC-B9A2-4F61-8F9E-EC75DE7ACD76}.Debug|Any CPU.Build.0 = Debug|Any CPU
		{FFEE75DC-B9A2-4F61-8F9E-EC75DE7ACD76}.DVD-5|Any CPU.ActiveCfg = Debug|Any CPU
		{FFEE75DC-B9A2-4F61-8F9E-EC75DE7ACD76}.DVD-5|Any CPU.Build.0 = Debug|Any CPU
		{FFEE75DC-B9A2-4F61-8F9E-EC75DE7ACD76}.Release|Any CPU.ActiveCfg = Release|Any CPU
		{FFEE75DC-B9A2-4F61-8F9E-EC75DE7ACD76}.Release|Any CPU.Build.0 = Release|Any CPU
		{FFEE75DC-B9A2-4F61-8F9E-EC75DE7ACD76}.SingleImage|Any CPU.ActiveCfg = Release|Any CPU
		{FFEE75DC-B9A2-4F61-8F9E-EC75DE7ACD76}.SingleImage|Any CPU.Build.0 = Release|Any CPU
		{FFEE75DC-B9A2-4F61-8F9E-EC75DE7ACD76}.UnSafe|Any CPU.ActiveCfg = UnSafe|Any CPU
		{FFEE75DC-B9A2-4F61-8F9E-EC75DE7ACD76}.UnSafe|Any CPU.Build.0 = UnSafe|Any CPU
		{57D2E71E-594B-4CE3-98F9-2E4F1405146D}.CD_ROM|Any CPU.ActiveCfg = CD_ROM
		{57D2E71E-594B-4CE3-98F9-2E4F1405146D}.CD_ROM|Any CPU.Build.0 = CD_ROM
		{57D2E71E-594B-4CE3-98F9-2E4F1405146D}.Debug|Any CPU.ActiveCfg = DVD-5
		{57D2E71E-594B-4CE3-98F9-2E4F1405146D}.DVD-5|Any CPU.ActiveCfg = DVD-5
		{57D2E71E-594B-4CE3-98F9-2E4F1405146D}.DVD-5|Any CPU.Build.0 = DVD-5
		{57D2E71E-594B-4CE3-98F9-2E4F1405146D}.Release|Any CPU.ActiveCfg = SingleImage
		{57D2E71E-594B-4CE3-98F9-2E4F1405146D}.Release|Any CPU.Build.0 = SingleImage
		{57D2E71E-594B-4CE3-98F9-2E4F1405146D}.SingleImage|Any CPU.ActiveCfg = SingleImage
		{57D2E71E-594B-4CE3-98F9-2E4F1405146D}.SingleImage|Any CPU.Build.0 = SingleImage
		{57D2E71E-594B-4CE3-98F9-2E4F1405146D}.UnSafe|Any CPU.ActiveCfg = SingleImage
		{B6C773B1-28F4-4627-8BC8-35F90249E73D}.CD_ROM|Any CPU.ActiveCfg = Release|Any CPU
		{B6C773B1-28F4-4627-8BC8-35F90249E73D}.CD_ROM|Any CPU.Build.0 = Release|Any CPU
		{B6C773B1-28F4-4627-8BC8-35F90249E73D}.Debug|Any CPU.ActiveCfg = Debug|Any CPU
		{B6C773B1-28F4-4627-8BC8-35F90249E73D}.Debug|Any CPU.Build.0 = Debug|Any CPU
		{B6C773B1-28F4-4627-8BC8-35F90249E73D}.DVD-5|Any CPU.ActiveCfg = Debug|Any CPU
		{B6C773B1-28F4-4627-8BC8-35F90249E73D}.DVD-5|Any CPU.Build.0 = Debug|Any CPU
		{B6C773B1-28F4-4627-8BC8-35F90249E73D}.Release|Any CPU.ActiveCfg = Release|Any CPU
		{B6C773B1-28F4-4627-8BC8-35F90249E73D}.Release|Any CPU.Build.0 = Release|Any CPU
		{B6C773B1-28F4-4627-8BC8-35F90249E73D}.SingleImage|Any CPU.ActiveCfg = Release|Any CPU
		{B6C773B1-28F4-4627-8BC8-35F90249E73D}.SingleImage|Any CPU.Build.0 = Release|Any CPU
		{B6C773B1-28F4-4627-8BC8-35F90249E73D}.UnSafe|Any CPU.ActiveCfg = Release|Any CPU
		{B6C773B1-28F4-4627-8BC8-35F90249E73D}.UnSafe|Any CPU.Build.0 = Release|Any CPU
		{2114B736-97E8-4DC8-BA5E-74DC69E1C080}.CD_ROM|Any CPU.ActiveCfg = Release|Any CPU
		{2114B736-97E8-4DC8-BA5E-74DC69E1C080}.CD_ROM|Any CPU.Build.0 = Release|Any CPU
		{2114B736-97E8-4DC8-BA5E-74DC69E1C080}.Debug|Any CPU.ActiveCfg = Debug|Any CPU
		{2114B736-97E8-4DC8-BA5E-74DC69E1C080}.Debug|Any CPU.Build.0 = Debug|Any CPU
		{2114B736-97E8-4DC8-BA5E-74DC69E1C080}.DVD-5|Any CPU.ActiveCfg = Debug|Any CPU
		{2114B736-97E8-4DC8-BA5E-74DC69E1C080}.DVD-5|Any CPU.Build.0 = Debug|Any CPU
		{2114B736-97E8-4DC8-BA5E-74DC69E1C080}.Release|Any CPU.ActiveCfg = Release|Any CPU
		{2114B736-97E8-4DC8-BA5E-74DC69E1C080}.Release|Any CPU.Build.0 = Release|Any CPU
		{2114B736-97E8-4DC8-BA5E-74DC69E1C080}.SingleImage|Any CPU.ActiveCfg = Release|Any CPU
		{2114B736-97E8-4DC8-BA5E-74DC69E1C080}.SingleImage|Any CPU.Build.0 = Release|Any CPU
		{2114B736-97E8-4DC8-BA5E-74DC69E1C080}.UnSafe|Any CPU.ActiveCfg = Release|Any CPU
		{2114B736-97E8-4DC8-BA5E-74DC69E1C080}.UnSafe|Any CPU.Build.0 = Release|Any CPU
	EndGlobalSection
	GlobalSection(SolutionProperties) = preSolution
		HideSolutionNode = FALSE
	EndGlobalSection
EndGlobal
